
Microsoft Visual Studio Solution File, Format Version 12.00
# Visual Studio Version 16
VisualStudioVersion = 16.0.30717.126
MinimumVisualStudioVersion = 10.0.40219.1
Project("{FAE04EC0-301F-11D3-BF4B-00C04F79EFBC}") = "CoffeeShop", "CoffeeShop\CoffeeShop.csproj", "{B3E20467-6E99-408C-BB4F-8E40A45DE352}"
EndProject
Global
	GlobalSection(SolutionConfigurationPlatforms) = preSolution
		Debug|Any CPU = Debug|Any CPU
		Release|Any CPU = Release|Any CPU
	EndGlobalSection
	GlobalSection(ProjectConfigurationPlatforms) = postSolution
		{B3E20467-6E99-408C-BB4F-8E40A45DE352}.Debug|Any CPU.ActiveCfg = Debug|Any CPU
		{B3E20467-6E99-408C-BB4F-8E40A45DE352}.Debug|Any CPU.Build.0 = Debug|Any CPU
		{B3E20467-6E99-408C-BB4F-8E40A45DE352}.Release|Any CPU.ActiveCfg = Release|Any CPU
		{B3E20467-6E99-408C-BB4F-8E40A45DE352}.Release|Any CPU.Build.0 = Release|Any CPU
	EndGlobalSection
	GlobalSection(SolutionProperties) = preSolution
		HideSolutionNode = FALSE
	EndGlobalSection
	GlobalSection(ExtensibilityGlobals) = postSolution
		SolutionGuid = {45599C42-214F-481F-9D03-69B9AD24985C}
	EndGlobalSection
EndGlobal
